
Microsoft Visual Studio Solution File, Format Version 12.00
# Visual Studio Version 17
VisualStudioVersion = 17.1.32228.430
MinimumVisualStudioVersion = 10.0.40219.1
Project("{9A19103F-16F7-4668-BE54-9A1E7A4F7556}") = "MasaWebApiWithMinimalAPIs", "MasaWebApiWithMinimalAPIs\MasaWebApiWithMinimalAPIs.csproj", "{86DA499F-98A8-411B-A340-7B61792F94A4}"
EndProject
Project("{9A19103F-16F7-4668-BE54-9A1E7A4F7556}") = "MasaApiCallerGenerator", "MasaApiCallerGenerator\MasaApiCallerGenerator.csproj", "{CC30EB8F-3633-4001-B713-F59DEDDA24E4}"
EndProject
Project("{9A19103F-16F7-4668-BE54-9A1E7A4F7556}") = "MasaApiCaller", "MasaApiCaller\MasaApiCaller.csproj", "{69C88A09-DFBD-4ABB-A0DF-78784F3DB015}"
EndProject
Project("{FAE04EC0-301F-11D3-BF4B-00C04F79EFBC}") = "MasaApiCaller.Tests", "MasaApiCaller.Tests\MasaApiCaller.Tests.csproj", "{30705A05-E12F-48DF-9A47-DC88091AD09C}"
EndProject
Global
	GlobalSection(SolutionConfigurationPlatforms) = preSolution
		Debug|Any CPU = Debug|Any CPU
		Release|Any CPU = Release|Any CPU
	EndGlobalSection
	GlobalSection(ProjectConfigurationPlatforms) = postSolution
		{86DA499F-98A8-411B-A340-7B61792F94A4}.Debug|Any CPU.ActiveCfg = Debug|Any CPU
		{86DA499F-98A8-411B-A340-7B61792F94A4}.Debug|Any CPU.Build.0 = Debug|Any CPU
		{86DA499F-98A8-411B-A340-7B61792F94A4}.Release|Any CPU.ActiveCfg = Release|Any CPU
		{86DA499F-98A8-411B-A340-7B61792F94A4}.Release|Any CPU.Build.0 = Release|Any CPU
		{CC30EB8F-3633-4001-B713-F59DEDDA24E4}.Debug|Any CPU.ActiveCfg = Debug|Any CPU
		{CC30EB8F-3633-4001-B713-F59DEDDA24E4}.Debug|Any CPU.Build.0 = Debug|Any CPU
		{CC30EB8F-3633-4001-B713-F59DEDDA24E4}.Release|Any CPU.ActiveCfg = Release|Any CPU
		{CC30EB8F-3633-4001-B713-F59DEDDA24E4}.Release|Any CPU.Build.0 = Release|Any CPU
		{69C88A09-DFBD-4ABB-A0DF-78784F3DB015}.Debug|Any CPU.ActiveCfg = Debug|Any CPU
		{69C88A09-DFBD-4ABB-A0DF-78784F3DB015}.Debug|Any CPU.Build.0 = Debug|Any CPU
		{69C88A09-DFBD-4ABB-A0DF-78784F3DB015}.Release|Any CPU.ActiveCfg = Release|Any CPU
		{69C88A09-DFBD-4ABB-A0DF-78784F3DB015}.Release|Any CPU.Build.0 = Release|Any CPU
		{30705A05-E12F-48DF-9A47-DC88091AD09C}.Debug|Any CPU.ActiveCfg = Debug|Any CPU
		{30705A05-E12F-48DF-9A47-DC88091AD09C}.Debug|Any CPU.Build.0 = Debug|Any CPU
		{30705A05-E12F-48DF-9A47-DC88091AD09C}.Release|Any CPU.ActiveCfg = Release|Any CPU
		{30705A05-E12F-48DF-9A47-DC88091AD09C}.Release|Any CPU.Build.0 = Release|Any CPU
	EndGlobalSection
	GlobalSection(SolutionProperties) = preSolution
		HideSolutionNode = FALSE
	EndGlobalSection
	GlobalSection(ExtensibilityGlobals) = postSolution
		SolutionGuid = {036910B8-A357-43BC-ACD7-1855F84A167F}
	EndGlobalSection
EndGlobal
